
Microsoft Visual Studio Solution File, Format Version 12.00
# Visual Studio Version 16
VisualStudioVersion = 16.0.29926.136
MinimumVisualStudioVersion = 10.0.40219.1
Project("{FAE04EC0-301F-11D3-BF4B-00C04F79EFBC}") = "OktaAuth.Android", "OktaAuth\OktaAuth.Android\OktaAuth.Android.csproj", "{EB47B540-0D5E-4553-8073-5CD9878DB74D}"
EndProject
Project("{FAE04EC0-301F-11D3-BF4B-00C04F79EFBC}") = "OktaAuth.iOS", "OktaAuth\OktaAuth.iOS\OktaAuth.iOS.csproj", "{495EBC64-B0B9-4A92-8BB0-D4FE6FF0891A}"
EndProject
Project("{9A19103F-16F7-4668-BE54-9A1E7A4F7556}") = "OktaAuth", "OktaAuth\OktaAuth\OktaAuth.csproj", "{4F0D0F31-16AE-43FE-9933-CC0B74A2C3D3}"
EndProject
Global
	GlobalSection(SolutionConfigurationPlatforms) = preSolution
		Debug|Any CPU = Debug|Any CPU
		Debug|iPhone = Debug|iPhone
		Debug|iPhoneSimulator = Debug|iPhoneSimulator
		Release|Any CPU = Release|Any CPU
		Release|iPhone = Release|iPhone
		Release|iPhoneSimulator = Release|iPhoneSimulator
	EndGlobalSection
	GlobalSection(ProjectConfigurationPlatforms) = postSolution
		{EB47B540-0D5E-4553-8073-5CD9878DB74D}.Debug|Any CPU.ActiveCfg = Debug|Any CPU
		{EB47B540-0D5E-4553-8073-5CD9878DB74D}.Debug|Any CPU.Build.0 = Debug|Any CPU
		{EB47B540-0D5E-4553-8073-5CD9878DB74D}.Debug|Any CPU.Deploy.0 = Debug|Any CPU
		{EB47B540-0D5E-4553-8073-5CD9878DB74D}.Debug|iPhone.ActiveCfg = Debug|Any CPU
		{EB47B540-0D5E-4553-8073-5CD9878DB74D}.Debug|iPhone.Build.0 = Debug|Any CPU
		{EB47B540-0D5E-4553-8073-5CD9878DB74D}.Debug|iPhone.Deploy.0 = Debug|Any CPU
		{EB47B540-0D5E-4553-8073-5CD9878DB74D}.Debug|iPhoneSimulator.ActiveCfg = Debug|Any CPU
		{EB47B540-0D5E-4553-8073-5CD9878DB74D}.Debug|iPhoneSimulator.Build.0 = Debug|Any CPU
		{EB47B540-0D5E-4553-8073-5CD9878DB74D}.Debug|iPhoneSimulator.Deploy.0 = Debug|Any CPU
		{EB47B540-0D5E-4553-8073-5CD9878DB74D}.Release|Any CPU.ActiveCfg = Release|Any CPU
		{EB47B540-0D5E-4553-8073-5CD9878DB74D}.Release|Any CPU.Build.0 = Release|Any CPU
		{EB47B540-0D5E-4553-8073-5CD9878DB74D}.Release|Any CPU.Deploy.0 = Release|Any CPU
		{EB47B540-0D5E-4553-8073-5CD9878DB74D}.Release|iPhone.ActiveCfg = Release|Any CPU
		{EB47B540-0D5E-4553-8073-5CD9878DB74D}.Release|iPhone.Build.0 = Release|Any CPU
		{EB47B540-0D5E-4553-8073-5CD9878DB74D}.Release|iPhone.Deploy.0 = Release|Any CPU
		{EB47B540-0D5E-4553-8073-5CD9878DB74D}.Release|iPhoneSimulator.ActiveCfg = Release|Any CPU
		{EB47B540-0D5E-4553-8073-5CD9878DB74D}.Release|iPhoneSimulator.Build.0 = Release|Any CPU
		{EB47B540-0D5E-4553-8073-5CD9878DB74D}.Release|iPhoneSimulator.Deploy.0 = Release|Any CPU
		{495EBC64-B0B9-4A92-8BB0-D4FE6FF0891A}.Debug|Any CPU.ActiveCfg = Debug|iPhone
		{495EBC64-B0B9-4A92-8BB0-D4FE6FF0891A}.Debug|Any CPU.Build.0 = Debug|iPhone
		{495EBC64-B0B9-4A92-8BB0-D4FE6FF0891A}.Debug|Any CPU.Deploy.0 = Debug|iPhone
		{495EBC64-B0B9-4A92-8BB0-D4FE6FF0891A}.Debug|iPhone.ActiveCfg = Debug|iPhone
		{495EBC64-B0B9-4A92-8BB0-D4FE6FF0891A}.Debug|iPhone.Build.0 = Debug|iPhone
		{495EBC64-B0B9-4A92-8BB0-D4FE6FF0891A}.Debug|iPhone.Deploy.0 = Debug|iPhone
		{495EBC64-B0B9-4A92-8BB0-D4FE6FF0891A}.Debug|iPhoneSimulator.ActiveCfg = Debug|iPhoneSimulator
		{495EBC64-B0B9-4A92-8BB0-D4FE6FF0891A}.Debug|iPhoneSimulator.Build.0 = Debug|iPhoneSimulator
		{495EBC64-B0B9-4A92-8BB0-D4FE6FF0891A}.Debug|iPhoneSimulator.Deploy.0 = Debug|iPhoneSimulator
		{495EBC64-B0B9-4A92-8BB0-D4FE6FF0891A}.Release|Any CPU.ActiveCfg = Release|iPhone
		{495EBC64-B0B9-4A92-8BB0-D4FE6FF0891A}.Release|Any CPU.Build.0 = Release|iPhone
		{495EBC64-B0B9-4A92-8BB0-D4FE6FF0891A}.Release|Any CPU.Deploy.0 = Release|iPhone
		{495EBC64-B0B9-4A92-8BB0-D4FE6FF0891A}.Release|iPhone.ActiveCfg = Release|iPhone
		{495EBC64-B0B9-4A92-8BB0-D4FE6FF0891A}.Release|iPhone.Build.0 = Release|iPhone
		{495EBC64-B0B9-4A92-8BB0-D4FE6FF0891A}.Release|iPhone.Deploy.0 = Release|iPhone
		{495EBC64-B0B9-4A92-8BB0-D4FE6FF0891A}.Release|iPhoneSimulator.ActiveCfg = Release|iPhoneSimulator
		{495EBC64-B0B9-4A92-8BB0-D4FE6FF0891A}.Release|iPhoneSimulator.Build.0 = Release|iPhoneSimulator
		{495EBC64-B0B9-4A92-8BB0-D4FE6FF0891A}.Release|iPhoneSimulator.Deploy.0 = Release|iPhoneSimulator
		{4F0D0F31-16AE-43FE-9933-CC0B74A2C3D3}.Debug|Any CPU.ActiveCfg = Debug|Any CPU
		{4F0D0F31-16AE-43FE-9933-CC0B74A2C3D3}.Debug|Any CPU.Build.0 = Debug|Any CPU
		{4F0D0F31-16AE-43FE-9933-CC0B74A2C3D3}.Debug|Any CPU.Deploy.0 = Debug|Any CPU
		{4F0D0F31-16AE-43FE-9933-CC0B74A2C3D3}.Debug|iPhone.ActiveCfg = Debug|Any CPU
		{4F0D0F31-16AE-43FE-9933-CC0B74A2C3D3}.Debug|iPhone.Build.0 = Debug|Any CPU
		{4F0D0F31-16AE-43FE-9933-CC0B74A2C3D3}.Debug|iPhone.Deploy.0 = Debug|Any CPU
		{4F0D0F31-16AE-43FE-9933-CC0B74A2C3D3}.Debug|iPhoneSimulator.ActiveCfg = Debug|Any CPU
		{4F0D0F31-16AE-43FE-9933-CC0B74A2C3D3}.Debug|iPhoneSimulator.Build.0 = Debug|Any CPU
		{4F0D0F31-16AE-43FE-9933-CC0B74A2C3D3}.Debug|iPhoneSimulator.Deploy.0 = Debug|Any CPU
		{4F0D0F31-16AE-43FE-9933-CC0B74A2C3D3}.Release|Any CPU.ActiveCfg = Release|Any CPU
		{4F0D0F31-16AE-43FE-9933-CC0B74A2C3D3}.Release|Any CPU.Build.0 = Release|Any CPU
		{4F0D0F31-16AE-43FE-9933-CC0B74A2C3D3}.Release|Any CPU.Deploy.0 = Release|Any CPU
		{4F0D0F31-16AE-43FE-9933-CC0B74A2C3D3}.Release|iPhone.ActiveCfg = Release|Any CPU
		{4F0D0F31-16AE-43FE-9933-CC0B74A2C3D3}.Release|iPhone.Build.0 = Release|Any CPU
		{4F0D0F31-16AE-43FE-9933-CC0B74A2C3D3}.Release|iPhone.Deploy.0 = Release|Any CPU
		{4F0D0F31-16AE-43FE-9933-CC0B74A2C3D3}.Release|iPhoneSimulator.ActiveCfg = Release|Any CPU
		{4F0D0F31-16AE-43FE-9933-CC0B74A2C3D3}.Release|iPhoneSimulator.Build.0 = Release|Any CPU
		{4F0D0F31-16AE-43FE-9933-CC0B74A2C3D3}.Release|iPhoneSimulator.Deploy.0 = Release|Any CPU
	EndGlobalSection
	GlobalSection(SolutionProperties) = preSolution
		HideSolutionNode = FALSE
	EndGlobalSection
	GlobalSection(ExtensibilityGlobals) = postSolution
		SolutionGuid = {3E1754F9-8072-4AB7-A25B-F7E0B4B92C46}
	EndGlobalSection
EndGlobal
